{
  "version": 4,
  "terraform_version": "1.9.5",
  "serial": 3,
  "lineage": "a119a7a3-cd5e-b59e-0b30-eadb85aee5cf",
  "outputs": {},
  "resources": [
    {
      "mode": "managed",
      "type": "local_file",
      "name": "first_file",
      "provider": "provider[\"registry.terraform.io/hashicorp/local\"]",
      "instances": [
        {
          "schema_version": 0,
          "attributes": {
            "content": "First file created by Terraform",
            "content_base64": null,
            "content_base64sha256": "1d6UwLRPtmVXD8rWHGDRRb/HPZq0SxhroemvoTjKpCw=",
            "content_base64sha512": "SXR/2bGvXOxXWwe8BlGsWsA7y0uI6cJs6lyNuu1NBw54A6oD6LK5Ok93wMuix/1zbMIWkemBMumx3X0dd2VR6g==",
            "content_md5": "7d8e2bc681b045bc4e4800e58716e07d",
            "content_sha1": "e3730801404c4cf49bb9c53607bb08484a464f71",
            "content_sha256": "d5de94c0b44fb665570fcad61c60d145bfc73d9ab44b186ba1e9afa138caa42c",
            "content_sha512": "49747fd9b1af5cec575b07bc0651ac5ac03bcb4b88e9c26cea5c8dbaed4d070e7803aa03e8b2b93a4f77c0cba2c7fd736cc21691e98132e9b1dd7d1d776551ea",
            "directory_permission": "0777",
            "file_permission": "0777",
            "filename": "/Users/pushkarmondal/terraform-practice/demo.txt",
            "id": "e3730801404c4cf49bb9c53607bb08484a464f71",
            "sensitive_content": null,
            "source": null
          },
          "sensitive_attributes": [
            [
              {
                "type": "get_attr",
                "value": "sensitive_content"
              }
            ]
          ]
        }
      ]
    }
  ],
  "check_results": null
}
