{
  "version": 4,
  "terraform_version": "1.9.5",
  "serial": 1,
  "lineage": "73cc0ea2-4e9f-1ff0-8f27-3c16cf57cb5a",
  "outputs": {},
  "resources": [
    {
      "mode": "managed",
      "type": "spotify_playlist",
      "name": "Songs",
      "provider": "provider[\"registry.terraform.io/conradludgate/spotify\"]",
      "instances": [
        {
          "schema_version": 0,
          "attributes": {
            "description": null,
            "id": "6if0u9pnAHUihvkGKN8HRU",
            "name": "All",
            "public": true,
            "snapshot_id": "AAAAAkozXnv6rXkezFVyLIyHvIUXf3Bo",
            "tracks": [
              "3G0gdqt4LTreFwBYaymUhp"
            ]
          },
          "sensitive_attributes": [],
          "private": "bnVsbA=="
        }
      ]
    }
  ],
  "check_results": null
}
